
Microsoft Visual Studio Solution File, Format Version 12.00
# Visual Studio Version 17
VisualStudioVersion = 17.13.35825.156
MinimumVisualStudioVersion = 10.0.40219.1
Project("{FAE04EC0-301F-11D3-BF4B-00C04F79EFBC}") = "001_ApiDemo", "001_ApiDemo\001_ApiDemo.csproj", "{54D7807A-4AA1-4686-8EDF-EE355616A16C}"
EndProject
Project("{FAE04EC0-301F-11D3-BF4B-00C04F79EFBC}") = "002_ApiConsumeUI", "002_ApiConsumeUI\002_ApiConsumeUI.csproj", "{95D0639F-BDF6-49C4-AFB7-3B1828D43617}"
EndProject
Project("{FAE04EC0-301F-11D3-BF4B-00C04F79EFBC}") = "003_RapidApi", "003_RapidApi\003_RapidApi.csproj", "{75F72452-864A-4636-A080-3CF849010EA6}"
EndProject
Project("{FAE04EC0-301F-11D3-BF4B-00C04F79EFBC}") = "004_OpenAIChat", "004_OpenAIChat\004_OpenAIChat.csproj", "{C996944A-B4E6-45A7-B8BE-80416BF85C3D}"
EndProject
Project("{FAE04EC0-301F-11D3-BF4B-00C04F79EFBC}") = "005_OpenAIWhisperAudioTranskript", "005_OpenAIWhisperAudioTranskript\005_OpenAIWhisperAudioTranskript.csproj", "{A5503C51-371F-4000-AD8F-55AEF8B56D1A}"
EndProject
Project("{FAE04EC0-301F-11D3-BF4B-00C04F79EFBC}") = "006_DallEImageGeneration", "006_DallEImageGeneration\006_DallEImageGeneration.csproj", "{72401A05-A375-4E5B-8562-4542D0727645}"
EndProject
Project("{FAE04EC0-301F-11D3-BF4B-00C04F79EFBC}") = "007_TesseractOCR", "007_TesseractOCR\007_TesseractOCR.csproj", "{766A75BD-5EFB-4069-9B24-FBEC84C11358}"
EndProject
Project("{FAE04EC0-301F-11D3-BF4B-00C04F79EFBC}") = "008_GoogleCloudVision", "008_GoogleCloudVision\008_GoogleCloudVision.csproj", "{26BDB6F6-D19F-482D-822B-85BE55CCB44F}"
EndProject
Project("{FAE04EC0-301F-11D3-BF4B-00C04F79EFBC}") = "009_OpenAITranslate", "009_OpenAITranslate\009_OpenAITranslate.csproj", "{FB494A4A-0792-47F2-8786-594082E53F72}"
EndProject
Global
	GlobalSection(SolutionConfigurationPlatforms) = preSolution
		Debug|Any CPU = Debug|Any CPU
		Release|Any CPU = Release|Any CPU
	EndGlobalSection
	GlobalSection(ProjectConfigurationPlatforms) = postSolution
		{54D7807A-4AA1-4686-8EDF-EE355616A16C}.Debug|Any CPU.ActiveCfg = Debug|Any CPU
		{54D7807A-4AA1-4686-8EDF-EE355616A16C}.Debug|Any CPU.Build.0 = Debug|Any CPU
		{54D7807A-4AA1-4686-8EDF-EE355616A16C}.Release|Any CPU.ActiveCfg = Release|Any CPU
		{54D7807A-4AA1-4686-8EDF-EE355616A16C}.Release|Any CPU.Build.0 = Release|Any CPU
		{95D0639F-BDF6-49C4-AFB7-3B1828D43617}.Debug|Any CPU.ActiveCfg = Debug|Any CPU
		{95D0639F-BDF6-49C4-AFB7-3B1828D43617}.Debug|Any CPU.Build.0 = Debug|Any CPU
		{95D0639F-BDF6-49C4-AFB7-3B1828D43617}.Release|Any CPU.ActiveCfg = Release|Any CPU
		{95D0639F-BDF6-49C4-AFB7-3B1828D43617}.Release|Any CPU.Build.0 = Release|Any CPU
		{75F72452-864A-4636-A080-3CF849010EA6}.Debug|Any CPU.ActiveCfg = Debug|Any CPU
		{75F72452-864A-4636-A080-3CF849010EA6}.Debug|Any CPU.Build.0 = Debug|Any CPU
		{75F72452-864A-4636-A080-3CF849010EA6}.Release|Any CPU.ActiveCfg = Release|Any CPU
		{75F72452-864A-4636-A080-3CF849010EA6}.Release|Any CPU.Build.0 = Release|Any CPU
		{C996944A-B4E6-45A7-B8BE-80416BF85C3D}.Debug|Any CPU.ActiveCfg = Debug|Any CPU
		{C996944A-B4E6-45A7-B8BE-80416BF85C3D}.Debug|Any CPU.Build.0 = Debug|Any CPU
		{C996944A-B4E6-45A7-B8BE-80416BF85C3D}.Release|Any CPU.ActiveCfg = Release|Any CPU
		{C996944A-B4E6-45A7-B8BE-80416BF85C3D}.Release|Any CPU.Build.0 = Release|Any CPU
		{A5503C51-371F-4000-AD8F-55AEF8B56D1A}.Debug|Any CPU.ActiveCfg = Debug|Any CPU
		{A5503C51-371F-4000-AD8F-55AEF8B56D1A}.Debug|Any CPU.Build.0 = Debug|Any CPU
		{A5503C51-371F-4000-AD8F-55AEF8B56D1A}.Release|Any CPU.ActiveCfg = Release|Any CPU
		{A5503C51-371F-4000-AD8F-55AEF8B56D1A}.Release|Any CPU.Build.0 = Release|Any CPU
		{72401A05-A375-4E5B-8562-4542D0727645}.Debug|Any CPU.ActiveCfg = Debug|Any CPU
		{72401A05-A375-4E5B-8562-4542D0727645}.Debug|Any CPU.Build.0 = Debug|Any CPU
		{72401A05-A375-4E5B-8562-4542D0727645}.Release|Any CPU.ActiveCfg = Release|Any CPU
		{72401A05-A375-4E5B-8562-4542D0727645}.Release|Any CPU.Build.0 = Release|Any CPU
		{766A75BD-5EFB-4069-9B24-FBEC84C11358}.Debug|Any CPU.ActiveCfg = Debug|Any CPU
		{766A75BD-5EFB-4069-9B24-FBEC84C11358}.Debug|Any CPU.Build.0 = Debug|Any CPU
		{766A75BD-5EFB-4069-9B24-FBEC84C11358}.Release|Any CPU.ActiveCfg = Release|Any CPU
		{766A75BD-5EFB-4069-9B24-FBEC84C11358}.Release|Any CPU.Build.0 = Release|Any CPU
		{26BDB6F6-D19F-482D-822B-85BE55CCB44F}.Debug|Any CPU.ActiveCfg = Debug|Any CPU
		{26BDB6F6-D19F-482D-822B-85BE55CCB44F}.Debug|Any CPU.Build.0 = Debug|Any CPU
		{26BDB6F6-D19F-482D-822B-85BE55CCB44F}.Release|Any CPU.ActiveCfg = Release|Any CPU
		{26BDB6F6-D19F-482D-822B-85BE55CCB44F}.Release|Any CPU.Build.0 = Release|Any CPU
		{FB494A4A-0792-47F2-8786-594082E53F72}.Debug|Any CPU.ActiveCfg = Debug|Any CPU
		{FB494A4A-0792-47F2-8786-594082E53F72}.Debug|Any CPU.Build.0 = Debug|Any CPU
		{FB494A4A-0792-47F2-8786-594082E53F72}.Release|Any CPU.ActiveCfg = Release|Any CPU
		{FB494A4A-0792-47F2-8786-594082E53F72}.Release|Any CPU.Build.0 = Release|Any CPU
	EndGlobalSection
	GlobalSection(SolutionProperties) = preSolution
		HideSolutionNode = FALSE
	EndGlobalSection
	GlobalSection(ExtensibilityGlobals) = postSolution
		SolutionGuid = {0A23BF49-7DA0-44AB-B56F-5139C83792D7}
	EndGlobalSection
EndGlobal
